// !$*UTF8*$!
{
	archiveVersion = 1;
	classes = {
	};
	objectVersion = 46;
	objects = {

/* Begin PBXBuildFile section */
		40C2676B1BCF91190061A78E /* main.m in Sources */ = {isa = PBXBuildFile; fileRef = 40C2676A1BCF91190061A78E /* main.m */; };
		40C2676E1BCF91190061A78E /* AppDelegate.m in Sources */ = {isa = PBXBuildFile; fileRef = 40C2676D1BCF91190061A78E /* AppDelegate.m */; };
		40C267711BCF91190061A78E /* ViewController.m in Sources */ = {isa = PBXBuildFile; fileRef = 40C267701BCF91190061A78E /* ViewController.m */; };
		40C267741BCF91190061A78E /* Main.storyboard in Resources */ = {isa = PBXBuildFile; fileRef = 40C267721BCF91190061A78E /* Main.storyboard */; };
		40C267761BCF91190061A78E /* Images.xcassets in Resources */ = {isa = PBXBuildFile; fileRef = 40C267751BCF91190061A78E /* Images.xcassets */; };
		40C267791BCF91190061A78E /* LaunchScreen.xib in Resources */ = {isa = PBXBuildFile; fileRef = 40C267771BCF91190061A78E /* LaunchScreen.xib */; };
		40C267851BCF91190061A78E /* movieTests.m in Sources */ = {isa = PBXBuildFile; fileRef = 40C267841BCF91190061A78E /* movieTests.m */; };
/* End PBXBuildFile section */

/* Begin PBXContainerItemProxy section */
		40C2677F1BCF91190061A78E /* PBXContainerItemProxy */ = {
			isa = PBXContainerItemProxy;
			containerPortal = 40C2675D1BCF91190061A78E /* Project object */;
			proxyType = 1;
			remoteGlobalIDString = 40C267641BCF91190061A78E;
			remoteInfo = movie;
		};
/* End PBXContainerItemProxy section */

/* Begin PBXFileReference section */
		40C267651BCF91190061A78E /* movie.app */ = {isa = PBXFileReference; explicitFileType = wrapper.application; includeInIndex = 0; path = movie.app; sourceTree = BUILT_PRODUCTS_DIR; };
		40C267691BCF91190061A78E /* Info.plist */ = {isa = PBXFileReference; lastKnownFileType = text.plist.xml; path = Info.plist; sourceTree = "<group>"; };
		40C2676A1BCF91190061A78E /* main.m */ = {isa = PBXFileReference; lastKnownFileType = sourcecode.c.objc; path = main.m; sourceTree = "<group>"; };
		40C2676C1BCF91190061A78E /* AppDelegate.h */ = {isa = PBXFileReference; lastKnownFileType = sourcecode.c.h; path = AppDelegate.h; sourceTree = "<group>"; };
		40C2676D1BCF91190061A78E /* AppDelegate.m */ = {isa = PBXFileReference; lastKnownFileType = sourcecode.c.objc; path = AppDelegate.m; sourceTree = "<group>"; };
		40C2676F1BCF91190061A78E /* ViewController.h */ = {isa = PBXFileReference; lastKnownFileType = sourcecode.c.h; path = ViewController.h; sourceTree = "<group>"; };
		40C267701BCF91190061A78E /* ViewController.m */ = {isa = PBXFileReference; lastKnownFileType = sourcecode.c.objc; path = ViewController.m; sourceTree = "<group>"; };
		40C267731BCF91190061A78E /* Base */ = {isa = PBXFileReference; lastKnownFileType = file.storyboard; name = Base; path = Base.lproj/Main.storyboard; sourceTree = "<group>"; };
		40C267751BCF91190061A78E /* Images.xcassets */ = {isa = PBXFileReference; lastKnownFileType = folder.assetcatalog; path = Images.xcassets; sourceTree = "<group>"; };
		40C267781BCF91190061A78E /* Base */ = {isa = PBXFileReference; lastKnownFileType = file.xib; name = Base; path = Base.lproj/LaunchScreen.xib; sourceTree = "<group>"; };
		40C2677E1BCF91190061A78E /* movieTests.xctest */ = {isa = PBXFileReference; explicitFileType = wrapper.cfbundle; includeInIndex = 0; path = movieTests.xctest; sourceTree = BUILT_PRODUCTS_DIR; };
		40C267831BCF91190061A78E /* Info.plist */ = {isa = PBXFileReference; lastKnownFileType = text.plist.xml; path = Info.plist; sourceTree = "<group>"; };
		40C267841BCF91190061A78E /* movieTests.m */ = {isa = PBXFileReference; lastKnownFileType = sourcecode.c.objc; path = movieTests.m; sourceTree = "<group>"; };
/* End PBXFileReference section */

/* Begin PBXFrameworksBuildPhase section */
		40C267621BCF91190061A78E /* Frameworks */ = {
			isa = PBXFrameworksBuildPhase;
			buildActionMask = 2147483647;
			files = (
			);
			runOnlyForDeploymentPostprocessing = 0;
		};
		40C2677B1BCF91190061A78E /* Frameworks */ = {
			isa = PBXFrameworksBuildPhase;
			buildActionMask = 2147483647;
			files = (
			);
			runOnlyForDeploymentPostprocessing = 0;
		};
/* End PBXFrameworksBuildPhase section */

/* Begin PBXGroup section */
		40C2675C1BCF91190061A78E = {
			isa = PBXGroup;
			children = (
				40C267671BCF91190061A78E /* movie */,
				40C267811BCF91190061A78E /* movieTests */,
				40C267661BCF91190061A78E /* Products */,
			);
			sourceTree = "<group>";
		};
		40C267661BCF91190061A78E /* Products */ = {
			isa = PBXGroup;
			children = (
				40C267651BCF91190061A78E /* movie.app */,
				40C2677E1BCF91190061A78E /* movieTests.xctest */,
			);
			name = Products;
			sourceTree = "<group>";
		};
		40C267671BCF91190061A78E /* movie */ = {
			isa = PBXGroup;
			children = (
				40C2676C1BCF91190061A78E /* AppDelegate.h */,
				40C2676D1BCF91190061A78E /* AppDelegate.m */,
				40C2676F1BCF91190061A78E /* ViewController.h */,
				40C267701BCF91190061A78E /* ViewController.m */,
				40C267721BCF91190061A78E /* Main.storyboard */,
				40C267751BCF91190061A78E /* Images.xcassets */,
				40C267771BCF91190061A78E /* LaunchScreen.xib */,
				40C267681BCF91190061A78E /* Supporting Files */,
			);
			path = movie;
			sourceTree = "<group>";
		};
		40C267681BCF91190061A78E /* Supporting Files */ = {
			isa = PBXGroup;
			children = (
				40C267691BCF91190061A78E /* Info.plist */,
				40C2676A1BCF91190061A78E /* main.m */,
			);
			name = "Supporting Files";
			sourceTree = "<group>";
		};
		40C267811BCF91190061A78E /* movieTests */ = {
			isa = PBXGroup;
			children = (
				40C267841BCF91190061A78E /* movieTests.m */,
				40C267821BCF91190061A78E /* Supporting Files */,
			);
			path = movieTests;
			sourceTree = "<group>";
		};
		40C267821BCF91190061A78E /* Supporting Files */ = {
			isa = PBXGroup;
			children = (
				40C267831BCF91190061A78E /* Info.plist */,
			);
			name = "Supporting Files";
			sourceTree = "<group>";
		};
/* End PBXGroup section */

/* Begin PBXNativeTarget section */
		40C267641BCF91190061A78E /* movie */ = {
			isa = PBXNativeTarget;
			buildConfigurationList = 40C267881BCF91190061A78E /* Build configuration list for PBXNativeTarget "movie" */;
			buildPhases = (
				40C267611BCF91190061A78E /* Sources */,
				40C267621BCF91190061A78E /* Frameworks */,
				40C267631BCF91190061A78E /* Resources */,
			);
			buildRules = (
			);
			dependencies = (
			);
			name = movie;
			productName = movie;
			productReference = 40C267651BCF91190061A78E /* movie.app */;
			productType = "com.apple.product-type.application";
		};
		40C2677D1BCF91190061A78E /* movieTests */ = {
			isa = PBXNativeTarget;
			buildConfigurationList = 40C2678B1BCF91190061A78E /* Build configuration list for PBXNativeTarget "movieTests" */;
			buildPhases = (
				40C2677A1BCF91190061A78E /* Sources */,
				40C2677B1BCF91190061A78E /* Frameworks */,
				40C2677C1BCF91190061A78E /* Resources */,
			);
			buildRules = (
			);
			dependencies = (
				40C267801BCF91190061A78E /* PBXTargetDependency */,
			);
			name = movieTests;
			productName = movieTests;
			productReference = 40C2677E1BCF91190061A78E /* movieTests.xctest */;
			productType = "com.apple.product-type.bundle.unit-test";
		};
/* End PBXNativeTarget section */

/* Begin PBXProject section */
		40C2675D1BCF91190061A78E /* Project object */ = {
			isa = PBXProject;
			attributes = {
				LastUpgradeCheck = 0640;
				ORGANIZATIONNAME = enterprise;
				TargetAttributes = {
					40C267641BCF91190061A78E = {
						CreatedOnToolsVersion = 6.4;
					};
					40C2677D1BCF91190061A78E = {
						CreatedOnToolsVersion = 6.4;
						TestTargetID = 40C267641BCF91190061A78E;
					};
				};
			};
			buildConfigurationList = 40C267601BCF91190061A78E /* Build configuration list for PBXProject "movie" */;
			compatibilityVersion = "Xcode 3.2";
			developmentRegion = English;
			hasScannedForEncodings = 0;
			knownRegions = (
				en,
				Base,
			);
			mainGroup = 40C2675C1BCF91190061A78E;
			productRefGroup = 40C267661BCF91190061A78E /* Products */;
			projectDirPath = "";
			projectRoot = "";
			targets = (
				40C267641BCF91190061A78E /* movie */,
				40C2677D1BCF91190061A78E /* movieTests */,
			);
		};
/* End PBXProject section */

/* Begin PBXResourcesBuildPhase section */
		40C267631BCF91190061A78E /* Resources */ = {
			isa = PBXResourcesBuildPhase;
			buildActionMask = 2147483647;
			files = (
				40C267741BCF91190061A78E /* Main.storyboard in Resources */,
				40C267791BCF91190061A78E /* LaunchScreen.xib in Resources */,
				40C267761BCF91190061A78E /* Images.xcassets in Resources */,
			);
			runOnlyForDeploymentPostprocessing = 0;
		};
		40C2677C1BCF91190061A78E /* Resources */ = {
			isa = PBXResourcesBuildPhase;
			buildActionMask = 2147483647;
			files = (
			);
			runOnlyForDeploymentPostprocessing = 0;
		};
/* End PBXResourcesBuildPhase section */

/* Begin PBXSourcesBuildPhase section */
		40C267611BCF91190061A78E /* Sources */ = {
			isa = PBXSourcesBuildPhase;
			buildActionMask = 2147483647;
			files = (
				40C267711BCF91190061A78E /* ViewController.m in Sources */,
				40C2676E1BCF91190061A78E /* AppDelegate.m in Sources */,
				40C2676B1BCF91190061A78E /* main.m in Sources */,
			);
			runOnlyForDeploymentPostprocessing = 0;
		};
		40C2677A1BCF91190061A78E /* Sources */ = {
			isa = PBXSourcesBuildPhase;
			buildActionMask = 2147483647;
			files = (
				40C267851BCF91190061A78E /* movieTests.m in Sources */,
			);
			runOnlyForDeploymentPostprocessing = 0;
		};
/* End PBXSourcesBuildPhase section */

/* Begin PBXTargetDependency section */
		40C267801BCF91190061A78E /* PBXTargetDependency */ = {
			isa = PBXTargetDependency;
			target = 40C267641BCF91190061A78E /* movie */;
			targetProxy = 40C2677F1BCF91190061A78E /* PBXContainerItemProxy */;
		};
/* End PBXTargetDependency section */

/* Begin PBXVariantGroup section */
		40C267721BCF91190061A78E /* Main.storyboard */ = {
			isa = PBXVariantGroup;
			children = (
				40C267731BCF91190061A78E /* Base */,
			);
			name = Main.storyboard;
			sourceTree = "<group>";
		};
		40C267771BCF91190061A78E /* LaunchScreen.xib */ = {
			isa = PBXVariantGroup;
			children = (
				40C267781BCF91190061A78E /* Base */,
			);
			name = LaunchScreen.xib;
			sourceTree = "<group>";
		};
/* End PBXVariantGroup section */

/* Begin XCBuildConfiguration section */
		40C267861BCF91190061A78E /* Debug */ = {
			isa = XCBuildConfiguration;
			buildSettings = {
				ALWAYS_SEARCH_USER_PATHS = NO;
				CLANG_CXX_LANGUAGE_STANDARD = "gnu++0x";
				CLANG_CXX_LIBRARY = "libc++";
				CLANG_ENABLE_MODULES = YES;
				CLANG_ENABLE_OBJC_ARC = YES;
				CLANG_WARN_BOOL_CONVERSION = YES;
				CLANG_WARN_CONSTANT_CONVERSION = YES;
				CLANG_WARN_DIRECT_OBJC_ISA_USAGE = YES_ERROR;
				CLANG_WARN_EMPTY_BODY = YES;
				CLANG_WARN_ENUM_CONVERSION = YES;
				CLANG_WARN_INT_CONVERSION = YES;
				CLANG_WARN_OBJC_ROOT_CLASS = YES_ERROR;
				CLANG_WARN_UNREACHABLE_CODE = YES;
				CLANG_WARN__DUPLICATE_METHOD_MATCH = YES;
				"CODE_SIGN_IDENTITY[sdk=iphoneos*]" = "iPhone Developer";
				COPY_PHASE_STRIP = NO;
				DEBUG_INFORMATION_FORMAT = "dwarf-with-dsym";
				ENABLE_STRICT_OBJC_MSGSEND = YES;
				GCC_C_LANGUAGE_STANDARD = gnu99;
				GCC_DYNAMIC_NO_PIC = NO;
				GCC_NO_COMMON_BLOCKS = YES;
				GCC_OPTIMIZATION_LEVEL = 0;
				GCC_PREPROCESSOR_DEFINITIONS = (
					"DEBUG=1",
					"$(inherited)",
				);
				GCC_SYMBOLS_PRIVATE_EXTERN = NO;
				GCC_WARN_64_TO_32_BIT_CONVERSION = YES;
				GCC_WARN_ABOUT_RETURN_TYPE = YES_ERROR;
				GCC_WARN_UNDECLARED_SELECTOR = YES;
				GCC_WARN_UNINITIALIZED_AUTOS = YES_AGGRESSIVE;
				GCC_WARN_UNUSED_FUNCTION = YES;
				GCC_WARN_UNUSED_VARIABLE = YES;
				IPHONEOS_DEPLOYMENT_TARGET = 8.4;
				MTL_ENABLE_DEBUG_INFO = YES;
				ONLY_ACTIVE_ARCH = YES;
				SDKROOT = iphoneos;
			};
			name = Debug;
		};
		40C267871BCF91190061A78E /* Release */ = {
			isa = XCBuildConfiguration;
			buildSettings = {
				ALWAYS_SEARCH_USER_PATHS = NO;
				CLANG_CXX_LANGUAGE_STANDARD = "gnu++0x";
				CLANG_CXX_LIBRARY = "libc++";
				CLANG_ENABLE_MODULES = YES;
				CLANG_ENABLE_OBJC_ARC = YES;
				CLANG_WARN_BOOL_CONVERSION = YES;
				CLANG_WARN_CONSTANT_CONVERSION = YES;
				CLANG_WARN_DIRECT_OBJC_ISA_USAGE = YES_ERROR;
				CLANG_WARN_EMPTY_BODY = YES;
				CLANG_WARN_ENUM_CONVERSION = YES;
				CLANG_WARN_INT_CONVERSION = YES;
				CLANG_WARN_OBJC_ROOT_CLASS = YES_ERROR;
				CLANG_WARN_UNREACHABLE_CODE = YES;
				CLANG_WARN__DUPLICATE_METHOD_MATCH = YES;
				"CODE_SIGN_IDENTITY[sdk=iphoneos*]" = "iPhone Developer";
				COPY_PHASE_STRIP = NO;
				DEBUG_INFORMATION_FORMAT = "dwarf-with-dsym";
				ENABLE_NS_ASSERTIONS = NO;
				ENABLE_STRICT_OBJC_MSGSEND = YES;
				GCC_C_LANGUAGE_STANDARD = gnu99;
				GCC_NO_COMMON_BLOCKS = YES;
				GCC_WARN_64_TO_32_BIT_CONVERSION = YES;
				GCC_WARN_ABOUT_RETURN_TYPE = YES_ERROR;
				GCC_WARN_UNDECLARED_SELECTOR = YES;
				GCC_WARN_UNINITIALIZED_AUTOS = YES_AGGRESSIVE;
				GCC_WARN_UNUSED_FUNCTION = YES;
				GCC_WARN_UNUSED_VARIABLE = YES;
				IPHONEOS_DEPLOYMENT_TARGET = 8.4;
				MTL_ENABLE_DEBUG_INFO = NO;
				SDKROOT = iphoneos;
				VALIDATE_PRODUCT = YES;
			};
			name = Release;
		};
		40C267891BCF91190061A78E /* Debug */ = {
			isa = XCBuildConfiguration;
			buildSettings = {
				ASSETCATALOG_COMPILER_APPICON_NAME = AppIcon;
				INFOPLIST_FILE = movie/Info.plist;
				LD_RUNPATH_SEARCH_PATHS = "$(inherited) @executable_path/Frameworks";
				PRODUCT_NAME = "$(TARGET_NAME)";
			};
			name = Debug;
		};
		40C2678A1BCF91190061A78E /* Release */ = {
			isa = XCBuildConfiguration;
			buildSettings = {
				ASSETCATALOG_COMPILER_APPICON_NAME = AppIcon;
				INFOPLIST_FILE = movie/Info.plist;
				LD_RUNPATH_SEARCH_PATHS = "$(inherited) @executable_path/Frameworks";
				PRODUCT_NAME = "$(TARGET_NAME)";
			};
			name = Release;
		};
		40C2678C1BCF91190061A78E /* Debug */ = {
			isa = XCBuildConfiguration;
			buildSettings = {
				BUNDLE_LOADER = "$(TEST_HOST)";
				FRAMEWORK_SEARCH_PATHS = (
					"$(SDKROOT)/Developer/Library/Frameworks",
					"$(inherited)",
				);
				GCC_PREPROCESSOR_DEFINITIONS = (
					"DEBUG=1",
					"$(inherited)",
				);
				INFOPLIST_FILE = movieTests/Info.plist;
				LD_RUNPATH_SEARCH_PATHS = "$(inherited) @executable_path/Frameworks @loader_path/Frameworks";
				PRODUCT_NAME = "$(TARGET_NAME)";
				TEST_HOST = "$(BUILT_PRODUCTS_DIR)/movie.app/movie";
			};
			name = Debug;
		};
		40C2678D1BCF91190061A78E /* Release */ = {
			isa = XCBuildConfiguration;
			buildSettings = {
				BUNDLE_LOADER = "$(TEST_HOST)";
				FRAMEWORK_SEARCH_PATHS = (
					"$(SDKROOT)/Developer/Library/Frameworks",
					"$(inherited)",
				);
				INFOPLIST_FILE = movieTests/Info.plist;
				LD_RUNPATH_SEARCH_PATHS = "$(inherited) @executable_path/Frameworks @loader_path/Frameworks";
				PRODUCT_NAME = "$(TARGET_NAME)";
				TEST_HOST = "$(BUILT_PRODUCTS_DIR)/movie.app/movie";
			};
			name = Release;
		};
/* End XCBuildConfiguration section */

/* Begin XCConfigurationList section */
		40C267601BCF91190061A78E /* Build configuration list for PBXProject "movie" */ = {
			isa = XCConfigurationList;
			buildConfigurations = (
				40C267861BCF91190061A78E /* Debug */,
				40C267871BCF91190061A78E /* Release */,
			);
			defaultConfigurationIsVisible = 0;
			defaultConfigurationName = Release;
		};
		40C267881BCF91190061A78E /* Build configuration list for PBXNativeTarget "movie" */ = {
			isa = XCConfigurationList;
			buildConfigurations = (
				40C267891BCF91190061A78E /* Debug */,
				40C2678A1BCF91190061A78E /* Release */,
			);
			defaultConfigurationIsVisible = 0;
		};
		40C2678B1BCF91190061A78E /* Build configuration list for PBXNativeTarget "movieTests" */ = {
			isa = XCConfigurationList;
			buildConfigurations = (
				40C2678C1BCF91190061A78E /* Debug */,
				40C2678D1BCF91190061A78E /* Release */,
			);
			defaultConfigurationIsVisible = 0;
		};
/* End XCConfigurationList section */
	};
	rootObject = 40C2675D1BCF91190061A78E /* Project object */;
}
